Microsoft Visual Studio Solution File, Format Version 12.00
# Visual Studio 2012
Project("{8BC9CEB8-8B4A-11D0-8D11-00A0C91BC942}") = "ALL_BUILD", "ALL_BUILD.vcxproj", "{19AE51BE-75B1-3DA7-BE14-4FB43532436B}"
	ProjectSection(ProjectDependencies) = postProject
		{7BB74F0F-C91B-36A9-9D0C-601455DE8C80} = {7BB74F0F-C91B-36A9-9D0C-601455DE8C80}
		{5BF19494-F850-3CD0-803E-A9959959B333} = {5BF19494-F850-3CD0-803E-A9959959B333}
		{E275CDD3-0D4B-3FFA-8833-5BC6613BF578} = {E275CDD3-0D4B-3FFA-8833-5BC6613BF578}
		{274564C9-40EE-3E91-96E1-23DF20674267} = {274564C9-40EE-3E91-96E1-23DF20674267}
		{BE54E960-9334-3900-AF6C-071DD06CAC91} = {BE54E960-9334-3900-AF6C-071DD06CAC91}
		{50AAA8BC-5383-31FE-A96F-B026C9349C31} = {50AAA8BC-5383-31FE-A96F-B026C9349C31}
		{43F83F84-954E-354D-8887-59D56513361F} = {43F83F84-954E-354D-8887-59D56513361F}
		{F9827728-8C82-335E-AEB5-7DF06E98665E} = {F9827728-8C82-335E-AEB5-7DF06E98665E}
		{77586C26-0400-3FF2-A9B0-BF9BE465953C} = {77586C26-0400-3FF2-A9B0-BF9BE465953C}
		{DAA68893-EADC-3693-99A0-4A370D5BFEA4} = {DAA68893-EADC-3693-99A0-4A370D5BFEA4}
		{8808B48D-FCA9-38C7-A74F-6ACE7F579749} = {8808B48D-FCA9-38C7-A74F-6ACE7F579749}
		{DF8732B1-EBFC-33A4-A1F3-3B4F3AF68685} = {DF8732B1-EBFC-33A4-A1F3-3B4F3AF68685}
		{3169EFF1-2B3E-3824-8213-F193EECB42C5} = {3169EFF1-2B3E-3824-8213-F193EECB42C5}
		{AB9FCAC4-001E-3828-A6F1-E8F90BCCEBAF} = {AB9FCAC4-001E-3828-A6F1-E8F90BCCEBAF}
		{44B4E322-690C-3D91-9243-81A210876BF4} = {44B4E322-690C-3D91-9243-81A210876BF4}
		{C43C884B-0528-36F2-8DCC-6CC44B872FE9} = {C43C884B-0528-36F2-8DCC-6CC44B872FE9}
		{63E908BA-2085-31FE-8C85-067534DE02A4} = {63E908BA-2085-31FE-8C85-067534DE02A4}
		{03E6BC06-CAC9-31AF-B833-32E8869673A6} = {03E6BC06-CAC9-31AF-B833-32E8869673A6}
		{85C2C241-1529-3723-BFAA-4FDF5BBAB15F} = {85C2C241-1529-3723-BFAA-4FDF5BBAB15F}
		{033B5192-490F-3D53-8727-34B877A34535} = {033B5192-490F-3D53-8727-34B877A34535}
		{14F9D2F0-AFED-388E-9575-50558D5C96A2} = {14F9D2F0-AFED-388E-9575-50558D5C96A2}
		{2F9C48A6-A2F2-3024-BB57-387FFD493545} = {2F9C48A6-A2F2-3024-BB57-387FFD493545}
		{849ABD6F-1410-3EA6-88B5-1312681786AE} = {849ABD6F-1410-3EA6-88B5-1312681786AE}
		{A1A2F354-C0B9-3422-B77A-55C12C423755} = {A1A2F354-C0B9-3422-B77A-55C12C423755}
		{E12A7BCF-B703-3A5C-87B7-FD56318B372D} = {E12A7BCF-B703-3A5C-87B7-FD56318B372D}
	EndProjectSection
EndProject
Project("{8BC9CEB8-8B4A-11D0-8D11-00A0C91BC942}") = "INSTALL", "INSTALL.vcxproj", "{1DE78DEB-5035-32BB-B33A-5ED1FF30A8F8}"
	ProjectSection(ProjectDependencies) = postProject
		{19AE51BE-75B1-3DA7-BE14-4FB43532436B} = {19AE51BE-75B1-3DA7-BE14-4FB43532436B}
	EndProjectSection
EndProject
Project("{8BC9CEB8-8B4A-11D0-8D11-00A0C91BC942}") = "ZERO_CHECK", "ZERO_CHECK.vcxproj", "{7BB74F0F-C91B-36A9-9D0C-601455DE8C80}"
	ProjectSection(ProjectDependencies) = postProject
	EndProjectSection
EndProject
Project("{8BC9CEB8-8B4A-11D0-8D11-00A0C91BC942}") = "boing", "examples\boing.vcxproj", "{5BF19494-F850-3CD0-803E-A9959959B333}"
	ProjectSection(ProjectDependencies) = postProject
		{7BB74F0F-C91B-36A9-9D0C-601455DE8C80} = {7BB74F0F-C91B-36A9-9D0C-601455DE8C80}
		{77586C26-0400-3FF2-A9B0-BF9BE465953C} = {77586C26-0400-3FF2-A9B0-BF9BE465953C}
	EndProjectSection
EndProject
Project("{8BC9CEB8-8B4A-11D0-8D11-00A0C91BC942}") = "clipboard", "tests\clipboard.vcxproj", "{E275CDD3-0D4B-3FFA-8833-5BC6613BF578}"
	ProjectSection(ProjectDependencies) = postProject
		{7BB74F0F-C91B-36A9-9D0C-601455DE8C80} = {7BB74F0F-C91B-36A9-9D0C-601455DE8C80}
		{77586C26-0400-3FF2-A9B0-BF9BE465953C} = {77586C26-0400-3FF2-A9B0-BF9BE465953C}
	EndProjectSection
EndProject
Project("{8BC9CEB8-8B4A-11D0-8D11-00A0C91BC942}") = "cursor", "tests\cursor.vcxproj", "{274564C9-40EE-3E91-96E1-23DF20674267}"
	ProjectSection(ProjectDependencies) = postProject
		{7BB74F0F-C91B-36A9-9D0C-601455DE8C80} = {7BB74F0F-C91B-36A9-9D0C-601455DE8C80}
		{77586C26-0400-3FF2-A9B0-BF9BE465953C} = {77586C26-0400-3FF2-A9B0-BF9BE465953C}
	EndProjectSection
EndProject
Project("{8BC9CEB8-8B4A-11D0-8D11-00A0C91BC942}") = "empty", "tests\empty.vcxproj", "{BE54E960-9334-3900-AF6C-071DD06CAC91}"
	ProjectSection(ProjectDependencies) = postProject
		{7BB74F0F-C91B-36A9-9D0C-601455DE8C80} = {7BB74F0F-C91B-36A9-9D0C-601455DE8C80}
		{77586C26-0400-3FF2-A9B0-BF9BE465953C} = {77586C26-0400-3FF2-A9B0-BF9BE465953C}
	EndProjectSection
EndProject
Project("{8BC9CEB8-8B4A-11D0-8D11-00A0C91BC942}") = "events", "tests\events.vcxproj", "{50AAA8BC-5383-31FE-A96F-B026C9349C31}"
	ProjectSection(ProjectDependencies) = postProject
		{7BB74F0F-C91B-36A9-9D0C-601455DE8C80} = {7BB74F0F-C91B-36A9-9D0C-601455DE8C80}
		{77586C26-0400-3FF2-A9B0-BF9BE465953C} = {77586C26-0400-3FF2-A9B0-BF9BE465953C}
	EndProjectSection
EndProject
Project("{8BC9CEB8-8B4A-11D0-8D11-00A0C91BC942}") = "gamma", "tests\gamma.vcxproj", "{43F83F84-954E-354D-8887-59D56513361F}"
	ProjectSection(ProjectDependencies) = postProject
		{7BB74F0F-C91B-36A9-9D0C-601455DE8C80} = {7BB74F0F-C91B-36A9-9D0C-601455DE8C80}
		{77586C26-0400-3FF2-A9B0-BF9BE465953C} = {77586C26-0400-3FF2-A9B0-BF9BE465953C}
	EndProjectSection
EndProject
Project("{8BC9CEB8-8B4A-11D0-8D11-00A0C91BC942}") = "gears", "examples\gears.vcxproj", "{F9827728-8C82-335E-AEB5-7DF06E98665E}"
	ProjectSection(ProjectDependencies) = postProject
		{7BB74F0F-C91B-36A9-9D0C-601455DE8C80} = {7BB74F0F-C91B-36A9-9D0C-601455DE8C80}
		{77586C26-0400-3FF2-A9B0-BF9BE465953C} = {77586C26-0400-3FF2-A9B0-BF9BE465953C}
	EndProjectSection
EndProject
Project("{8BC9CEB8-8B4A-11D0-8D11-00A0C91BC942}") = "glfw", "src\glfw.vcxproj", "{77586C26-0400-3FF2-A9B0-BF9BE465953C}"
	ProjectSection(ProjectDependencies) = postProject
		{7BB74F0F-C91B-36A9-9D0C-601455DE8C80} = {7BB74F0F-C91B-36A9-9D0C-601455DE8C80}
	EndProjectSection
EndProject
Project("{8BC9CEB8-8B4A-11D0-8D11-00A0C91BC942}") = "glfwinfo", "tests\glfwinfo.vcxproj", "{DAA68893-EADC-3693-99A0-4A370D5BFEA4}"
	ProjectSection(ProjectDependencies) = postProject
		{7BB74F0F-C91B-36A9-9D0C-601455DE8C80} = {7BB74F0F-C91B-36A9-9D0C-601455DE8C80}
		{77586C26-0400-3FF2-A9B0-BF9BE465953C} = {77586C26-0400-3FF2-A9B0-BF9BE465953C}
	EndProjectSection
EndProject
Project("{8BC9CEB8-8B4A-11D0-8D11-00A0C91BC942}") = "heightmap", "examples\heightmap.vcxproj", "{8808B48D-FCA9-38C7-A74F-6ACE7F579749}"
	ProjectSection(ProjectDependencies) = postProject
		{7BB74F0F-C91B-36A9-9D0C-601455DE8C80} = {7BB74F0F-C91B-36A9-9D0C-601455DE8C80}
		{77586C26-0400-3FF2-A9B0-BF9BE465953C} = {77586C26-0400-3FF2-A9B0-BF9BE465953C}
	EndProjectSection
EndProject
Project("{8BC9CEB8-8B4A-11D0-8D11-00A0C91BC942}") = "iconify", "tests\iconify.vcxproj", "{DF8732B1-EBFC-33A4-A1F3-3B4F3AF68685}"
	ProjectSection(ProjectDependencies) = postProject
		{7BB74F0F-C91B-36A9-9D0C-601455DE8C80} = {7BB74F0F-C91B-36A9-9D0C-601455DE8C80}
		{77586C26-0400-3FF2-A9B0-BF9BE465953C} = {77586C26-0400-3FF2-A9B0-BF9BE465953C}
	EndProjectSection
EndProject
Project("{8BC9CEB8-8B4A-11D0-8D11-00A0C91BC942}") = "joysticks", "tests\joysticks.vcxproj", "{3169EFF1-2B3E-3824-8213-F193EECB42C5}"
	ProjectSection(ProjectDependencies) = postProject
		{7BB74F0F-C91B-36A9-9D0C-601455DE8C80} = {7BB74F0F-C91B-36A9-9D0C-601455DE8C80}
		{77586C26-0400-3FF2-A9B0-BF9BE465953C} = {77586C26-0400-3FF2-A9B0-BF9BE465953C}
	EndProjectSection
EndProject
Project("{8BC9CEB8-8B4A-11D0-8D11-00A0C91BC942}") = "monitors", "tests\monitors.vcxproj", "{AB9FCAC4-001E-3828-A6F1-E8F90BCCEBAF}"
	ProjectSection(ProjectDependencies) = postProject
		{7BB74F0F-C91B-36A9-9D0C-601455DE8C80} = {7BB74F0F-C91B-36A9-9D0C-601455DE8C80}
		{77586C26-0400-3FF2-A9B0-BF9BE465953C} = {77586C26-0400-3FF2-A9B0-BF9BE465953C}
	EndProjectSection
EndProject
Project("{8BC9CEB8-8B4A-11D0-8D11-00A0C91BC942}") = "msaa", "tests\msaa.vcxproj", "{44B4E322-690C-3D91-9243-81A210876BF4}"
	ProjectSection(ProjectDependencies) = postProject
		{7BB74F0F-C91B-36A9-9D0C-601455DE8C80} = {7BB74F0F-C91B-36A9-9D0C-601455DE8C80}
		{77586C26-0400-3FF2-A9B0-BF9BE465953C} = {77586C26-0400-3FF2-A9B0-BF9BE465953C}
	EndProjectSection
EndProject
Project("{8BC9CEB8-8B4A-11D0-8D11-00A0C91BC942}") = "particles", "examples\particles.vcxproj", "{C43C884B-0528-36F2-8DCC-6CC44B872FE9}"
	ProjectSection(ProjectDependencies) = postProject
		{7BB74F0F-C91B-36A9-9D0C-601455DE8C80} = {7BB74F0F-C91B-36A9-9D0C-601455DE8C80}
		{77586C26-0400-3FF2-A9B0-BF9BE465953C} = {77586C26-0400-3FF2-A9B0-BF9BE465953C}
	EndProjectSection
EndProject
Project("{8BC9CEB8-8B4A-11D0-8D11-00A0C91BC942}") = "reopen", "tests\reopen.vcxproj", "{63E908BA-2085-31FE-8C85-067534DE02A4}"
	ProjectSection(ProjectDependencies) = postProject
		{7BB74F0F-C91B-36A9-9D0C-601455DE8C80} = {7BB74F0F-C91B-36A9-9D0C-601455DE8C80}
		{77586C26-0400-3FF2-A9B0-BF9BE465953C} = {77586C26-0400-3FF2-A9B0-BF9BE465953C}
	EndProjectSection
EndProject
Project("{8BC9CEB8-8B4A-11D0-8D11-00A0C91BC942}") = "sharing", "tests\sharing.vcxproj", "{03E6BC06-CAC9-31AF-B833-32E8869673A6}"
	ProjectSection(ProjectDependencies) = postProject
		{7BB74F0F-C91B-36A9-9D0C-601455DE8C80} = {7BB74F0F-C91B-36A9-9D0C-601455DE8C80}
		{77586C26-0400-3FF2-A9B0-BF9BE465953C} = {77586C26-0400-3FF2-A9B0-BF9BE465953C}
	EndProjectSection
EndProject
Project("{8BC9CEB8-8B4A-11D0-8D11-00A0C91BC942}") = "simple", "examples\simple.vcxproj", "{85C2C241-1529-3723-BFAA-4FDF5BBAB15F}"
	ProjectSection(ProjectDependencies) = postProject
		{7BB74F0F-C91B-36A9-9D0C-601455DE8C80} = {7BB74F0F-C91B-36A9-9D0C-601455DE8C80}
		{77586C26-0400-3FF2-A9B0-BF9BE465953C} = {77586C26-0400-3FF2-A9B0-BF9BE465953C}
	EndProjectSection
EndProject
Project("{8BC9CEB8-8B4A-11D0-8D11-00A0C91BC942}") = "splitview", "examples\splitview.vcxproj", "{033B5192-490F-3D53-8727-34B877A34535}"
	ProjectSection(ProjectDependencies) = postProject
		{7BB74F0F-C91B-36A9-9D0C-601455DE8C80} = {7BB74F0F-C91B-36A9-9D0C-601455DE8C80}
		{77586C26-0400-3FF2-A9B0-BF9BE465953C} = {77586C26-0400-3FF2-A9B0-BF9BE465953C}
	EndProjectSection
EndProject
Project("{8BC9CEB8-8B4A-11D0-8D11-00A0C91BC942}") = "tearing", "tests\tearing.vcxproj", "{14F9D2F0-AFED-388E-9575-50558D5C96A2}"
	ProjectSection(ProjectDependencies) = postProject
		{7BB74F0F-C91B-36A9-9D0C-601455DE8C80} = {7BB74F0F-C91B-36A9-9D0C-601455DE8C80}
		{77586C26-0400-3FF2-A9B0-BF9BE465953C} = {77586C26-0400-3FF2-A9B0-BF9BE465953C}
	EndProjectSection
EndProject
Project("{8BC9CEB8-8B4A-11D0-8D11-00A0C91BC942}") = "threads", "tests\threads.vcxproj", "{2F9C48A6-A2F2-3024-BB57-387FFD493545}"
	ProjectSection(ProjectDependencies) = postProject
		{7BB74F0F-C91B-36A9-9D0C-601455DE8C80} = {7BB74F0F-C91B-36A9-9D0C-601455DE8C80}
		{77586C26-0400-3FF2-A9B0-BF9BE465953C} = {77586C26-0400-3FF2-A9B0-BF9BE465953C}
	EndProjectSection
EndProject
Project("{8BC9CEB8-8B4A-11D0-8D11-00A0C91BC942}") = "title", "tests\title.vcxproj", "{849ABD6F-1410-3EA6-88B5-1312681786AE}"
	ProjectSection(ProjectDependencies) = postProject
		{7BB74F0F-C91B-36A9-9D0C-601455DE8C80} = {7BB74F0F-C91B-36A9-9D0C-601455DE8C80}
		{77586C26-0400-3FF2-A9B0-BF9BE465953C} = {77586C26-0400-3FF2-A9B0-BF9BE465953C}
	EndProjectSection
EndProject
Project("{8BC9CEB8-8B4A-11D0-8D11-00A0C91BC942}") = "uninstall", "uninstall.vcxproj", "{3B696644-BCAB-3EDA-894E-2BDC644AE7F8}"
	ProjectSection(ProjectDependencies) = postProject
		{7BB74F0F-C91B-36A9-9D0C-601455DE8C80} = {7BB74F0F-C91B-36A9-9D0C-601455DE8C80}
	EndProjectSection
EndProject
Project("{8BC9CEB8-8B4A-11D0-8D11-00A0C91BC942}") = "wave", "examples\wave.vcxproj", "{A1A2F354-C0B9-3422-B77A-55C12C423755}"
	ProjectSection(ProjectDependencies) = postProject
		{7BB74F0F-C91B-36A9-9D0C-601455DE8C80} = {7BB74F0F-C91B-36A9-9D0C-601455DE8C80}
		{77586C26-0400-3FF2-A9B0-BF9BE465953C} = {77586C26-0400-3FF2-A9B0-BF9BE465953C}
	EndProjectSection
EndProject
Project("{8BC9CEB8-8B4A-11D0-8D11-00A0C91BC942}") = "windows", "tests\windows.vcxproj", "{E12A7BCF-B703-3A5C-87B7-FD56318B372D}"
	ProjectSection(ProjectDependencies) = postProject
		{7BB74F0F-C91B-36A9-9D0C-601455DE8C80} = {7BB74F0F-C91B-36A9-9D0C-601455DE8C80}
		{77586C26-0400-3FF2-A9B0-BF9BE465953C} = {77586C26-0400-3FF2-A9B0-BF9BE465953C}
	EndProjectSection
EndProject
Project("{2150E333-8FDC-42A3-9474-1A3956D46DE8}") = "CMakePredefinedTargets", "CMakePredefinedTargets", "{E51A2059-09E9-3C72-A440-E4CEDEDC37BB}"
EndProject
Project("{2150E333-8FDC-42A3-9474-1A3956D46DE8}") = "GLFW3", "GLFW3", "{A12A7655-9F6C-3229-A279-B3C0C13D4B1D}"
EndProject
Project("{2150E333-8FDC-42A3-9474-1A3956D46DE8}") = "Examples", "GLFW3\Examples", "{063744E1-E79A-328C-AAC2-4533C4C92139}"
EndProject
Project("{2150E333-8FDC-42A3-9474-1A3956D46DE8}") = "Tests", "GLFW3\Tests", "{D5976090-DFC9-3461-AB45-082522FCB75C}"
EndProject
Global
	GlobalSection(SolutionConfigurationPlatforms) = preSolution
		Debug|Win32 = Debug|Win32
		Release|Win32 = Release|Win32
		MinSizeRel|Win32 = MinSizeRel|Win32
		RelWithDebInfo|Win32 = RelWithDebInfo|Win32
	EndGlobalSection
	GlobalSection(ProjectConfigurationPlatforms) = postSolution
		{19AE51BE-75B1-3DA7-BE14-4FB43532436B}.Debug|Win32.ActiveCfg = Debug|Win32
		{19AE51BE-75B1-3DA7-BE14-4FB43532436B}.Debug|Win32.Build.0 = Debug|Win32
		{19AE51BE-75B1-3DA7-BE14-4FB43532436B}.Release|Win32.ActiveCfg = Release|Win32
		{19AE51BE-75B1-3DA7-BE14-4FB43532436B}.Release|Win32.Build.0 = Release|Win32
		{19AE51BE-75B1-3DA7-BE14-4FB43532436B}.MinSizeRel|Win32.ActiveCfg = MinSizeRel|Win32
		{19AE51BE-75B1-3DA7-BE14-4FB43532436B}.MinSizeRel|Win32.Build.0 = MinSizeRel|Win32
		{19AE51BE-75B1-3DA7-BE14-4FB43532436B}.RelWithDebInfo|Win32.ActiveCfg = RelWithDebInfo|Win32
		{19AE51BE-75B1-3DA7-BE14-4FB43532436B}.RelWithDebInfo|Win32.Build.0 = RelWithDebInfo|Win32
		{1DE78DEB-5035-32BB-B33A-5ED1FF30A8F8}.Debug|Win32.ActiveCfg = Debug|Win32
		{1DE78DEB-5035-32BB-B33A-5ED1FF30A8F8}.Release|Win32.ActiveCfg = Release|Win32
		{1DE78DEB-5035-32BB-B33A-5ED1FF30A8F8}.MinSizeRel|Win32.ActiveCfg = MinSizeRel|Win32
		{1DE78DEB-5035-32BB-B33A-5ED1FF30A8F8}.RelWithDebInfo|Win32.ActiveCfg = RelWithDebInfo|Win32
		{7BB74F0F-C91B-36A9-9D0C-601455DE8C80}.Debug|Win32.ActiveCfg = Debug|Win32
		{7BB74F0F-C91B-36A9-9D0C-601455DE8C80}.Debug|Win32.Build.0 = Debug|Win32
		{7BB74F0F-C91B-36A9-9D0C-601455DE8C80}.Release|Win32.ActiveCfg = Release|Win32
		{7BB74F0F-C91B-36A9-9D0C-601455DE8C80}.Release|Win32.Build.0 = Release|Win32
		{7BB74F0F-C91B-36A9-9D0C-601455DE8C80}.MinSizeRel|Win32.ActiveCfg = MinSizeRel|Win32
		{7BB74F0F-C91B-36A9-9D0C-601455DE8C80}.MinSizeRel|Win32.Build.0 = MinSizeRel|Win32
		{7BB74F0F-C91B-36A9-9D0C-601455DE8C80}.RelWithDebInfo|Win32.ActiveCfg = RelWithDebInfo|Win32
		{7BB74F0F-C91B-36A9-9D0C-601455DE8C80}.RelWithDebInfo|Win32.Build.0 = RelWithDebInfo|Win32
		{5BF19494-F850-3CD0-803E-A9959959B333}.Debug|Win32.ActiveCfg = Debug|Win32
		{5BF19494-F850-3CD0-803E-A9959959B333}.Debug|Win32.Build.0 = Debug|Win32
		{5BF19494-F850-3CD0-803E-A9959959B333}.Release|Win32.ActiveCfg = Release|Win32
		{5BF19494-F850-3CD0-803E-A9959959B333}.Release|Win32.Build.0 = Release|Win32
		{5BF19494-F850-3CD0-803E-A9959959B333}.MinSizeRel|Win32.ActiveCfg = MinSizeRel|Win32
		{5BF19494-F850-3CD0-803E-A9959959B333}.MinSizeRel|Win32.Build.0 = MinSizeRel|Win32
		{5BF19494-F850-3CD0-803E-A9959959B333}.RelWithDebInfo|Win32.ActiveCfg = RelWithDebInfo|Win32
		{5BF19494-F850-3CD0-803E-A9959959B333}.RelWithDebInfo|Win32.Build.0 = RelWithDebInfo|Win32
		{E275CDD3-0D4B-3FFA-8833-5BC6613BF578}.Debug|Win32.ActiveCfg = Debug|Win32
		{E275CDD3-0D4B-3FFA-8833-5BC6613BF578}.Debug|Win32.Build.0 = Debug|Win32
		{E275CDD3-0D4B-3FFA-8833-5BC6613BF578}.Release|Win32.ActiveCfg = Release|Win32
		{E275CDD3-0D4B-3FFA-8833-5BC6613BF578}.Release|Win32.Build.0 = Release|Win32
		{E275CDD3-0D4B-3FFA-8833-5BC6613BF578}.MinSizeRel|Win32.ActiveCfg = MinSizeRel|Win32
		{E275CDD3-0D4B-3FFA-8833-5BC6613BF578}.MinSizeRel|Win32.Build.0 = MinSizeRel|Win32
		{E275CDD3-0D4B-3FFA-8833-5BC6613BF578}.RelWithDebInfo|Win32.ActiveCfg = RelWithDebInfo|Win32
		{E275CDD3-0D4B-3FFA-8833-5BC6613BF578}.RelWithDebInfo|Win32.Build.0 = RelWithDebInfo|Win32
		{274564C9-40EE-3E91-96E1-23DF20674267}.Debug|Win32.ActiveCfg = Debug|Win32
		{274564C9-40EE-3E91-96E1-23DF20674267}.Debug|Win32.Build.0 = Debug|Win32
		{274564C9-40EE-3E91-96E1-23DF20674267}.Release|Win32.ActiveCfg = Release|Win32
		{274564C9-40EE-3E91-96E1-23DF20674267}.Release|Win32.Build.0 = Release|Win32
		{274564C9-40EE-3E91-96E1-23DF20674267}.MinSizeRel|Win32.ActiveCfg = MinSizeRel|Win32
		{274564C9-40EE-3E91-96E1-23DF20674267}.MinSizeRel|Win32.Build.0 = MinSizeRel|Win32
		{274564C9-40EE-3E91-96E1-23DF20674267}.RelWithDebInfo|Win32.ActiveCfg = RelWithDebInfo|Win32
		{274564C9-40EE-3E91-96E1-23DF20674267}.RelWithDebInfo|Win32.Build.0 = RelWithDebInfo|Win32
		{BE54E960-9334-3900-AF6C-071DD06CAC91}.Debug|Win32.ActiveCfg = Debug|Win32
		{BE54E960-9334-3900-AF6C-071DD06CAC91}.Debug|Win32.Build.0 = Debug|Win32
		{BE54E960-9334-3900-AF6C-071DD06CAC91}.Release|Win32.ActiveCfg = Release|Win32
		{BE54E960-9334-3900-AF6C-071DD06CAC91}.Release|Win32.Build.0 = Release|Win32
		{BE54E960-9334-3900-AF6C-071DD06CAC91}.MinSizeRel|Win32.ActiveCfg = MinSizeRel|Win32
		{BE54E960-9334-3900-AF6C-071DD06CAC91}.MinSizeRel|Win32.Build.0 = MinSizeRel|Win32
		{BE54E960-9334-3900-AF6C-071DD06CAC91}.RelWithDebInfo|Win32.ActiveCfg = RelWithDebInfo|Win32
		{BE54E960-9334-3900-AF6C-071DD06CAC91}.RelWithDebInfo|Win32.Build.0 = RelWithDebInfo|Win32
		{50AAA8BC-5383-31FE-A96F-B026C9349C31}.Debug|Win32.ActiveCfg = Debug|Win32
		{50AAA8BC-5383-31FE-A96F-B026C9349C31}.Debug|Win32.Build.0 = Debug|Win32
		{50AAA8BC-5383-31FE-A96F-B026C9349C31}.Release|Win32.ActiveCfg = Release|Win32
		{50AAA8BC-5383-31FE-A96F-B026C9349C31}.Release|Win32.Build.0 = Release|Win32
		{50AAA8BC-5383-31FE-A96F-B026C9349C31}.MinSizeRel|Win32.ActiveCfg = MinSizeRel|Win32
		{50AAA8BC-5383-31FE-A96F-B026C9349C31}.MinSizeRel|Win32.Build.0 = MinSizeRel|Win32
		{50AAA8BC-5383-31FE-A96F-B026C9349C31}.RelWithDebInfo|Win32.ActiveCfg = RelWithDebInfo|Win32
		{50AAA8BC-5383-31FE-A96F-B026C9349C31}.RelWithDebInfo|Win32.Build.0 = RelWithDebInfo|Win32
		{43F83F84-954E-354D-8887-59D56513361F}.Debug|Win32.ActiveCfg = Debug|Win32
		{43F83F84-954E-354D-8887-59D56513361F}.Debug|Win32.Build.0 = Debug|Win32
		{43F83F84-954E-354D-8887-59D56513361F}.Release|Win32.ActiveCfg = Release|Win32
		{43F83F84-954E-354D-8887-59D56513361F}.Release|Win32.Build.0 = Release|Win32
		{43F83F84-954E-354D-8887-59D56513361F}.MinSizeRel|Win32.ActiveCfg = MinSizeRel|Win32
		{43F83F84-954E-354D-8887-59D56513361F}.MinSizeRel|Win32.Build.0 = MinSizeRel|Win32
		{43F83F84-954E-354D-8887-59D56513361F}.RelWithDebInfo|Win32.ActiveCfg = RelWithDebInfo|Win32
		{43F83F84-954E-354D-8887-59D56513361F}.RelWithDebInfo|Win32.Build.0 = RelWithDebInfo|Win32
		{F9827728-8C82-335E-AEB5-7DF06E98665E}.Debug|Win32.ActiveCfg = Debug|Win32
		{F9827728-8C82-335E-AEB5-7DF06E98665E}.Debug|Win32.Build.0 = Debug|Win32
		{F9827728-8C82-335E-AEB5-7DF06E98665E}.Release|Win32.ActiveCfg = Release|Win32
		{F9827728-8C82-335E-AEB5-7DF06E98665E}.Release|Win32.Build.0 = Release|Win32
		{F9827728-8C82-335E-AEB5-7DF06E98665E}.MinSizeRel|Win32.ActiveCfg = MinSizeRel|Win32
		{F9827728-8C82-335E-AEB5-7DF06E98665E}.MinSizeRel|Win32.Build.0 = MinSizeRel|Win32
		{F9827728-8C82-335E-AEB5-7DF06E98665E}.RelWithDebInfo|Win32.ActiveCfg = RelWithDebInfo|Win32
		{F9827728-8C82-335E-AEB5-7DF06E98665E}.RelWithDebInfo|Win32.Build.0 = RelWithDebInfo|Win32
		{77586C26-0400-3FF2-A9B0-BF9BE465953C}.Debug|Win32.ActiveCfg = Debug|Win32
		{77586C26-0400-3FF2-A9B0-BF9BE465953C}.Debug|Win32.Build.0 = Debug|Win32
		{77586C26-0400-3FF2-A9B0-BF9BE465953C}.Release|Win32.ActiveCfg = Release|Win32
		{77586C26-0400-3FF2-A9B0-BF9BE465953C}.Release|Win32.Build.0 = Release|Win32
		{77586C26-0400-3FF2-A9B0-BF9BE465953C}.MinSizeRel|Win32.ActiveCfg = MinSizeRel|Win32
		{77586C26-0400-3FF2-A9B0-BF9BE465953C}.MinSizeRel|Win32.Build.0 = MinSizeRel|Win32
		{77586C26-0400-3FF2-A9B0-BF9BE465953C}.RelWithDebInfo|Win32.ActiveCfg = RelWithDebInfo|Win32
		{77586C26-0400-3FF2-A9B0-BF9BE465953C}.RelWithDebInfo|Win32.Build.0 = RelWithDebInfo|Win32
		{DAA68893-EADC-3693-99A0-4A370D5BFEA4}.Debug|Win32.ActiveCfg = Debug|Win32
		{DAA68893-EADC-3693-99A0-4A370D5BFEA4}.Debug|Win32.Build.0 = Debug|Win32
		{DAA68893-EADC-3693-99A0-4A370D5BFEA4}.Release|Win32.ActiveCfg = Release|Win32
		{DAA68893-EADC-3693-99A0-4A370D5BFEA4}.Release|Win32.Build.0 = Release|Win32
		{DAA68893-EADC-3693-99A0-4A370D5BFEA4}.MinSizeRel|Win32.ActiveCfg = MinSizeRel|Win32
		{DAA68893-EADC-3693-99A0-4A370D5BFEA4}.MinSizeRel|Win32.Build.0 = MinSizeRel|Win32
		{DAA68893-EADC-3693-99A0-4A370D5BFEA4}.RelWithDebInfo|Win32.ActiveCfg = RelWithDebInfo|Win32
		{DAA68893-EADC-3693-99A0-4A370D5BFEA4}.RelWithDebInfo|Win32.Build.0 = RelWithDebInfo|Win32
		{8808B48D-FCA9-38C7-A74F-6ACE7F579749}.Debug|Win32.ActiveCfg = Debug|Win32
		{8808B48D-FCA9-38C7-A74F-6ACE7F579749}.Debug|Win32.Build.0 = Debug|Win32
		{8808B48D-FCA9-38C7-A74F-6ACE7F579749}.Release|Win32.ActiveCfg = Release|Win32
		{8808B48D-FCA9-38C7-A74F-6ACE7F579749}.Release|Win32.Build.0 = Release|Win32
		{8808B48D-FCA9-38C7-A74F-6ACE7F579749}.MinSizeRel|Win32.ActiveCfg = MinSizeRel|Win32
		{8808B48D-FCA9-38C7-A74F-6ACE7F579749}.MinSizeRel|Win32.Build.0 = MinSizeRel|Win32
		{8808B48D-FCA9-38C7-A74F-6ACE7F579749}.RelWithDebInfo|Win32.ActiveCfg = RelWithDebInfo|Win32
		{8808B48D-FCA9-38C7-A74F-6ACE7F579749}.RelWithDebInfo|Win32.Build.0 = RelWithDebInfo|Win32
		{DF8732B1-EBFC-33A4-A1F3-3B4F3AF68685}.Debug|Win32.ActiveCfg = Debug|Win32
		{DF8732B1-EBFC-33A4-A1F3-3B4F3AF68685}.Debug|Win32.Build.0 = Debug|Win32
		{DF8732B1-EBFC-33A4-A1F3-3B4F3AF68685}.Release|Win32.ActiveCfg = Release|Win32
		{DF8732B1-EBFC-33A4-A1F3-3B4F3AF68685}.Release|Win32.Build.0 = Release|Win32
		{DF8732B1-EBFC-33A4-A1F3-3B4F3AF68685}.MinSizeRel|Win32.ActiveCfg = MinSizeRel|Win32
		{DF8732B1-EBFC-33A4-A1F3-3B4F3AF68685}.MinSizeRel|Win32.Build.0 = MinSizeRel|Win32
		{DF8732B1-EBFC-33A4-A1F3-3B4F3AF68685}.RelWithDebInfo|Win32.ActiveCfg = RelWithDebInfo|Win32
		{DF8732B1-EBFC-33A4-A1F3-3B4F3AF68685}.RelWithDebInfo|Win32.Build.0 = RelWithDebInfo|Win32
		{3169EFF1-2B3E-3824-8213-F193EECB42C5}.Debug|Win32.ActiveCfg = Debug|Win32
		{3169EFF1-2B3E-3824-8213-F193EECB42C5}.Debug|Win32.Build.0 = Debug|Win32
		{3169EFF1-2B3E-3824-8213-F193EECB42C5}.Release|Win32.ActiveCfg = Release|Win32
		{3169EFF1-2B3E-3824-8213-F193EECB42C5}.Release|Win32.Build.0 = Release|Win32
		{3169EFF1-2B3E-3824-8213-F193EECB42C5}.MinSizeRel|Win32.ActiveCfg = MinSizeRel|Win32
		{3169EFF1-2B3E-3824-8213-F193EECB42C5}.MinSizeRel|Win32.Build.0 = MinSizeRel|Win32
		{3169EFF1-2B3E-3824-8213-F193EECB42C5}.RelWithDebInfo|Win32.ActiveCfg = RelWithDebInfo|Win32
		{3169EFF1-2B3E-3824-8213-F193EECB42C5}.RelWithDebInfo|Win32.Build.0 = RelWithDebInfo|Win32
		{AB9FCAC4-001E-3828-A6F1-E8F90BCCEBAF}.Debug|Win32.ActiveCfg = Debug|Win32
		{AB9FCAC4-001E-3828-A6F1-E8F90BCCEBAF}.Debug|Win32.Build.0 = Debug|Win32
		{AB9FCAC4-001E-3828-A6F1-E8F90BCCEBAF}.Release|Win32.ActiveCfg = Release|Win32
		{AB9FCAC4-001E-3828-A6F1-E8F90BCCEBAF}.Release|Win32.Build.0 = Release|Win32
		{AB9FCAC4-001E-3828-A6F1-E8F90BCCEBAF}.MinSizeRel|Win32.ActiveCfg = MinSizeRel|Win32
		{AB9FCAC4-001E-3828-A6F1-E8F90BCCEBAF}.MinSizeRel|Win32.Build.0 = MinSizeRel|Win32
		{AB9FCAC4-001E-3828-A6F1-E8F90BCCEBAF}.RelWithDebInfo|Win32.ActiveCfg = RelWithDebInfo|Win32
		{AB9FCAC4-001E-3828-A6F1-E8F90BCCEBAF}.RelWithDebInfo|Win32.Build.0 = RelWithDebInfo|Win32
		{44B4E322-690C-3D91-9243-81A210876BF4}.Debug|Win32.ActiveCfg = Debug|Win32
		{44B4E322-690C-3D91-9243-81A210876BF4}.Debug|Win32.Build.0 = Debug|Win32
		{44B4E322-690C-3D91-9243-81A210876BF4}.Release|Win32.ActiveCfg = Release|Win32
		{44B4E322-690C-3D91-9243-81A210876BF4}.Release|Win32.Build.0 = Release|Win32
		{44B4E322-690C-3D91-9243-81A210876BF4}.MinSizeRel|Win32.ActiveCfg = MinSizeRel|Win32
		{44B4E322-690C-3D91-9243-81A210876BF4}.MinSizeRel|Win32.Build.0 = MinSizeRel|Win32
		{44B4E322-690C-3D91-9243-81A210876BF4}.RelWithDebInfo|Win32.ActiveCfg = RelWithDebInfo|Win32
		{44B4E322-690C-3D91-9243-81A210876BF4}.RelWithDebInfo|Win32.Build.0 = RelWithDebInfo|Win32
		{C43C884B-0528-36F2-8DCC-6CC44B872FE9}.Debug|Win32.ActiveCfg = Debug|Win32
		{C43C884B-0528-36F2-8DCC-6CC44B872FE9}.Debug|Win32.Build.0 = Debug|Win32
		{C43C884B-0528-36F2-8DCC-6CC44B872FE9}.Release|Win32.ActiveCfg = Release|Win32
		{C43C884B-0528-36F2-8DCC-6CC44B872FE9}.Release|Win32.Build.0 = Release|Win32
		{C43C884B-0528-36F2-8DCC-6CC44B872FE9}.MinSizeRel|Win32.ActiveCfg = MinSizeRel|Win32
		{C43C884B-0528-36F2-8DCC-6CC44B872FE9}.MinSizeRel|Win32.Build.0 = MinSizeRel|Win32
		{C43C884B-0528-36F2-8DCC-6CC44B872FE9}.RelWithDebInfo|Win32.ActiveCfg = RelWithDebInfo|Win32
		{C43C884B-0528-36F2-8DCC-6CC44B872FE9}.RelWithDebInfo|Win32.Build.0 = RelWithDebInfo|Win32
		{63E908BA-2085-31FE-8C85-067534DE02A4}.Debug|Win32.ActiveCfg = Debug|Win32
		{63E908BA-2085-31FE-8C85-067534DE02A4}.Debug|Win32.Build.0 = Debug|Win32
		{63E908BA-2085-31FE-8C85-067534DE02A4}.Release|Win32.ActiveCfg = Release|Win32
		{63E908BA-2085-31FE-8C85-067534DE02A4}.Release|Win32.Build.0 = Release|Win32
		{63E908BA-2085-31FE-8C85-067534DE02A4}.MinSizeRel|Win32.ActiveCfg = MinSizeRel|Win32
		{63E908BA-2085-31FE-8C85-067534DE02A4}.MinSizeRel|Win32.Build.0 = MinSizeRel|Win32
		{63E908BA-2085-31FE-8C85-067534DE02A4}.RelWithDebInfo|Win32.ActiveCfg = RelWithDebInfo|Win32
		{63E908BA-2085-31FE-8C85-067534DE02A4}.RelWithDebInfo|Win32.Build.0 = RelWithDebInfo|Win32
		{03E6BC06-CAC9-31AF-B833-32E8869673A6}.Debug|Win32.ActiveCfg = Debug|Win32
		{03E6BC06-CAC9-31AF-B833-32E8869673A6}.Debug|Win32.Build.0 = Debug|Win32
		{03E6BC06-CAC9-31AF-B833-32E8869673A6}.Release|Win32.ActiveCfg = Release|Win32
		{03E6BC06-CAC9-31AF-B833-32E8869673A6}.Release|Win32.Build.0 = Release|Win32
		{03E6BC06-CAC9-31AF-B833-32E8869673A6}.MinSizeRel|Win32.ActiveCfg = MinSizeRel|Win32
		{03E6BC06-CAC9-31AF-B833-32E8869673A6}.MinSizeRel|Win32.Build.0 = MinSizeRel|Win32
		{03E6BC06-CAC9-31AF-B833-32E8869673A6}.RelWithDebInfo|Win32.ActiveCfg = RelWithDebInfo|Win32
		{03E6BC06-CAC9-31AF-B833-32E8869673A6}.RelWithDebInfo|Win32.Build.0 = RelWithDebInfo|Win32
		{85C2C241-1529-3723-BFAA-4FDF5BBAB15F}.Debug|Win32.ActiveCfg = Debug|Win32
		{85C2C241-1529-3723-BFAA-4FDF5BBAB15F}.Debug|Win32.Build.0 = Debug|Win32
		{85C2C241-1529-3723-BFAA-4FDF5BBAB15F}.Release|Win32.ActiveCfg = Release|Win32
		{85C2C241-1529-3723-BFAA-4FDF5BBAB15F}.Release|Win32.Build.0 = Release|Win32
		{85C2C241-1529-3723-BFAA-4FDF5BBAB15F}.MinSizeRel|Win32.ActiveCfg = MinSizeRel|Win32
		{85C2C241-1529-3723-BFAA-4FDF5BBAB15F}.MinSizeRel|Win32.Build.0 = MinSizeRel|Win32
		{85C2C241-1529-3723-BFAA-4FDF5BBAB15F}.RelWithDebInfo|Win32.ActiveCfg = RelWithDebInfo|Win32
		{85C2C241-1529-3723-BFAA-4FDF5BBAB15F}.RelWithDebInfo|Win32.Build.0 = RelWithDebInfo|Win32
		{033B5192-490F-3D53-8727-34B877A34535}.Debug|Win32.ActiveCfg = Debug|Win32
		{033B5192-490F-3D53-8727-34B877A34535}.Debug|Win32.Build.0 = Debug|Win32
		{033B5192-490F-3D53-8727-34B877A34535}.Release|Win32.ActiveCfg = Release|Win32
		{033B5192-490F-3D53-8727-34B877A34535}.Release|Win32.Build.0 = Release|Win32
		{033B5192-490F-3D53-8727-34B877A34535}.MinSizeRel|Win32.ActiveCfg = MinSizeRel|Win32
		{033B5192-490F-3D53-8727-34B877A34535}.MinSizeRel|Win32.Build.0 = MinSizeRel|Win32
		{033B5192-490F-3D53-8727-34B877A34535}.RelWithDebInfo|Win32.ActiveCfg = RelWithDebInfo|Win32
		{033B5192-490F-3D53-8727-34B877A34535}.RelWithDebInfo|Win32.Build.0 = RelWithDebInfo|Win32
		{14F9D2F0-AFED-388E-9575-50558D5C96A2}.Debug|Win32.ActiveCfg = Debug|Win32
		{14F9D2F0-AFED-388E-9575-50558D5C96A2}.Debug|Win32.Build.0 = Debug|Win32
		{14F9D2F0-AFED-388E-9575-50558D5C96A2}.Release|Win32.ActiveCfg = Release|Win32
		{14F9D2F0-AFED-388E-9575-50558D5C96A2}.Release|Win32.Build.0 = Release|Win32
		{14F9D2F0-AFED-388E-9575-50558D5C96A2}.MinSizeRel|Win32.ActiveCfg = MinSizeRel|Win32
		{14F9D2F0-AFED-388E-9575-50558D5C96A2}.MinSizeRel|Win32.Build.0 = MinSizeRel|Win32
		{14F9D2F0-AFED-388E-9575-50558D5C96A2}.RelWithDebInfo|Win32.ActiveCfg = RelWithDebInfo|Win32
		{14F9D2F0-AFED-388E-9575-50558D5C96A2}.RelWithDebInfo|Win32.Build.0 = RelWithDebInfo|Win32
		{2F9C48A6-A2F2-3024-BB57-387FFD493545}.Debug|Win32.ActiveCfg = Debug|Win32
		{2F9C48A6-A2F2-3024-BB57-387FFD493545}.Debug|Win32.Build.0 = Debug|Win32
		{2F9C48A6-A2F2-3024-BB57-387FFD493545}.Release|Win32.ActiveCfg = Release|Win32
		{2F9C48A6-A2F2-3024-BB57-387FFD493545}.Release|Win32.Build.0 = Release|Win32
		{2F9C48A6-A2F2-3024-BB57-387FFD493545}.MinSizeRel|Win32.ActiveCfg = MinSizeRel|Win32
		{2F9C48A6-A2F2-3024-BB57-387FFD493545}.MinSizeRel|Win32.Build.0 = MinSizeRel|Win32
		{2F9C48A6-A2F2-3024-BB57-387FFD493545}.RelWithDebInfo|Win32.ActiveCfg = RelWithDebInfo|Win32
		{2F9C48A6-A2F2-3024-BB57-387FFD493545}.RelWithDebInfo|Win32.Build.0 = RelWithDebInfo|Win32
		{849ABD6F-1410-3EA6-88B5-1312681786AE}.Debug|Win32.ActiveCfg = Debug|Win32
		{849ABD6F-1410-3EA6-88B5-1312681786AE}.Debug|Win32.Build.0 = Debug|Win32
		{849ABD6F-1410-3EA6-88B5-1312681786AE}.Release|Win32.ActiveCfg = Release|Win32
		{849ABD6F-1410-3EA6-88B5-1312681786AE}.Release|Win32.Build.0 = Release|Win32
		{849ABD6F-1410-3EA6-88B5-1312681786AE}.MinSizeRel|Win32.ActiveCfg = MinSizeRel|Win32
		{849ABD6F-1410-3EA6-88B5-1312681786AE}.MinSizeRel|Win32.Build.0 = MinSizeRel|Win32
		{849ABD6F-1410-3EA6-88B5-1312681786AE}.RelWithDebInfo|Win32.ActiveCfg = RelWithDebInfo|Win32
		{849ABD6F-1410-3EA6-88B5-1312681786AE}.RelWithDebInfo|Win32.Build.0 = RelWithDebInfo|Win32
		{3B696644-BCAB-3EDA-894E-2BDC644AE7F8}.Debug|Win32.ActiveCfg = Debug|Win32
		{3B696644-BCAB-3EDA-894E-2BDC644AE7F8}.Release|Win32.ActiveCfg = Release|Win32
		{3B696644-BCAB-3EDA-894E-2BDC644AE7F8}.MinSizeRel|Win32.ActiveCfg = MinSizeRel|Win32
		{3B696644-BCAB-3EDA-894E-2BDC644AE7F8}.RelWithDebInfo|Win32.ActiveCfg = RelWithDebInfo|Win32
		{A1A2F354-C0B9-3422-B77A-55C12C423755}.Debug|Win32.ActiveCfg = Debug|Win32
		{A1A2F354-C0B9-3422-B77A-55C12C423755}.Debug|Win32.Build.0 = Debug|Win32
		{A1A2F354-C0B9-3422-B77A-55C12C423755}.Release|Win32.ActiveCfg = Release|Win32
		{A1A2F354-C0B9-3422-B77A-55C12C423755}.Release|Win32.Build.0 = Release|Win32
		{A1A2F354-C0B9-3422-B77A-55C12C423755}.MinSizeRel|Win32.ActiveCfg = MinSizeRel|Win32
		{A1A2F354-C0B9-3422-B77A-55C12C423755}.MinSizeRel|Win32.Build.0 = MinSizeRel|Win32
		{A1A2F354-C0B9-3422-B77A-55C12C423755}.RelWithDebInfo|Win32.ActiveCfg = RelWithDebInfo|Win32
		{A1A2F354-C0B9-3422-B77A-55C12C423755}.RelWithDebInfo|Win32.Build.0 = RelWithDebInfo|Win32
		{E12A7BCF-B703-3A5C-87B7-FD56318B372D}.Debug|Win32.ActiveCfg = Debug|Win32
		{E12A7BCF-B703-3A5C-87B7-FD56318B372D}.Debug|Win32.Build.0 = Debug|Win32
		{E12A7BCF-B703-3A5C-87B7-FD56318B372D}.Release|Win32.ActiveCfg = Release|Win32
		{E12A7BCF-B703-3A5C-87B7-FD56318B372D}.Release|Win32.Build.0 = Release|Win32
		{E12A7BCF-B703-3A5C-87B7-FD56318B372D}.MinSizeRel|Win32.ActiveCfg = MinSizeRel|Win32
		{E12A7BCF-B703-3A5C-87B7-FD56318B372D}.MinSizeRel|Win32.Build.0 = MinSizeRel|Win32
		{E12A7BCF-B703-3A5C-87B7-FD56318B372D}.RelWithDebInfo|Win32.ActiveCfg = RelWithDebInfo|Win32
		{E12A7BCF-B703-3A5C-87B7-FD56318B372D}.RelWithDebInfo|Win32.Build.0 = RelWithDebInfo|Win32
	EndGlobalSection
	GlobalSection(NestedProjects) = preSolution
		{1DE78DEB-5035-32BB-B33A-5ED1FF30A8F8} = {E51A2059-09E9-3C72-A440-E4CEDEDC37BB}
		{7BB74F0F-C91B-36A9-9D0C-601455DE8C80} = {E51A2059-09E9-3C72-A440-E4CEDEDC37BB}
		{063744E1-E79A-328C-AAC2-4533C4C92139} = {A12A7655-9F6C-3229-A279-B3C0C13D4B1D}
		{D5976090-DFC9-3461-AB45-082522FCB75C} = {A12A7655-9F6C-3229-A279-B3C0C13D4B1D}
		{77586C26-0400-3FF2-A9B0-BF9BE465953C} = {A12A7655-9F6C-3229-A279-B3C0C13D4B1D}
		{5BF19494-F850-3CD0-803E-A9959959B333} = {063744E1-E79A-328C-AAC2-4533C4C92139}
		{F9827728-8C82-335E-AEB5-7DF06E98665E} = {063744E1-E79A-328C-AAC2-4533C4C92139}
		{8808B48D-FCA9-38C7-A74F-6ACE7F579749} = {063744E1-E79A-328C-AAC2-4533C4C92139}
		{C43C884B-0528-36F2-8DCC-6CC44B872FE9} = {063744E1-E79A-328C-AAC2-4533C4C92139}
		{85C2C241-1529-3723-BFAA-4FDF5BBAB15F} = {063744E1-E79A-328C-AAC2-4533C4C92139}
		{033B5192-490F-3D53-8727-34B877A34535} = {063744E1-E79A-328C-AAC2-4533C4C92139}
		{A1A2F354-C0B9-3422-B77A-55C12C423755} = {063744E1-E79A-328C-AAC2-4533C4C92139}
		{E275CDD3-0D4B-3FFA-8833-5BC6613BF578} = {D5976090-DFC9-3461-AB45-082522FCB75C}
		{274564C9-40EE-3E91-96E1-23DF20674267} = {D5976090-DFC9-3461-AB45-082522FCB75C}
		{BE54E960-9334-3900-AF6C-071DD06CAC91} = {D5976090-DFC9-3461-AB45-082522FCB75C}
		{50AAA8BC-5383-31FE-A96F-B026C9349C31} = {D5976090-DFC9-3461-AB45-082522FCB75C}
		{43F83F84-954E-354D-8887-59D56513361F} = {D5976090-DFC9-3461-AB45-082522FCB75C}
		{DAA68893-EADC-3693-99A0-4A370D5BFEA4} = {D5976090-DFC9-3461-AB45-082522FCB75C}
		{DF8732B1-EBFC-33A4-A1F3-3B4F3AF68685} = {D5976090-DFC9-3461-AB45-082522FCB75C}
		{3169EFF1-2B3E-3824-8213-F193EECB42C5} = {D5976090-DFC9-3461-AB45-082522FCB75C}
		{AB9FCAC4-001E-3828-A6F1-E8F90BCCEBAF} = {D5976090-DFC9-3461-AB45-082522FCB75C}
		{44B4E322-690C-3D91-9243-81A210876BF4} = {D5976090-DFC9-3461-AB45-082522FCB75C}
		{63E908BA-2085-31FE-8C85-067534DE02A4} = {D5976090-DFC9-3461-AB45-082522FCB75C}
		{03E6BC06-CAC9-31AF-B833-32E8869673A6} = {D5976090-DFC9-3461-AB45-082522FCB75C}
		{14F9D2F0-AFED-388E-9575-50558D5C96A2} = {D5976090-DFC9-3461-AB45-082522FCB75C}
		{2F9C48A6-A2F2-3024-BB57-387FFD493545} = {D5976090-DFC9-3461-AB45-082522FCB75C}
		{849ABD6F-1410-3EA6-88B5-1312681786AE} = {D5976090-DFC9-3461-AB45-082522FCB75C}
		{E12A7BCF-B703-3A5C-87B7-FD56318B372D} = {D5976090-DFC9-3461-AB45-082522FCB75C}
	EndGlobalSection
	GlobalSection(ExtensibilityGlobals) = postSolution
	EndGlobalSection
	GlobalSection(ExtensibilityAddIns) = postSolution
	EndGlobalSection
EndGlobal
